
Microsoft Visual Studio Solution File, Format Version 12.00
# Visual Studio 2012
Project("{FAE04EC0-301F-11D3-BF4B-00C04F79EFBC}") = "RentTogetherApi.Api", "RentTogetherApi\RentTogetherApi.Api.csproj", "{9B673C3C-0D90-486C-BF43-FBD5E5F4EECB}"
EndProject
Project("{FAE04EC0-301F-11D3-BF4B-00C04F79EFBC}") = "RentTogetherApi.Entities", "RentTogetherApi.Entities\RentTogetherApi.Entities.csproj", "{8F3EC7B3-8392-4427-8B36-2D572C7E3ADC}"
EndProject
Project("{FAE04EC0-301F-11D3-BF4B-00C04F79EFBC}") = "RentTogetherApi.Dal", "RentTogetherApi.Dal\RentTogetherApi.Dal.csproj", "{0F61175C-E391-4A7A-A2B5-BDF923352B37}"
EndProject
Project("{FAE04EC0-301F-11D3-BF4B-00C04F79EFBC}") = "RentTogetherApi.Interfaces", "RentTogetherApi.Interfaces\RentTogetherApi.Interfaces.csproj", "{AA9FB403-C414-49EA-8BBD-0C6D705D15DF}"
EndProject
Project("{FAE04EC0-301F-11D3-BF4B-00C04F79EFBC}") = "RentTogetherApi.Business", "RentTogetherApi.Business\RentTogetherApi.Business.csproj", "{E436DCAA-D23F-4644-8632-CE175ED25FFE}"
EndProject
Project("{FAE04EC0-301F-11D3-BF4B-00C04F79EFBC}") = "RentTogetherApi.Common", "RentTogetherApi.Common\RentTogetherApi.Common.csproj", "{78E7812A-12BC-49D9-8477-6D1C3FAED052}"
EndProject
Global
	GlobalSection(SolutionConfigurationPlatforms) = preSolution
		Debug|Any CPU = Debug|Any CPU
		Release|Any CPU = Release|Any CPU
	EndGlobalSection
	GlobalSection(ProjectConfigurationPlatforms) = postSolution
		{9B673C3C-0D90-486C-BF43-FBD5E5F4EECB}.Debug|Any CPU.ActiveCfg = Debug|Any CPU
		{9B673C3C-0D90-486C-BF43-FBD5E5F4EECB}.Debug|Any CPU.Build.0 = Debug|Any CPU
		{9B673C3C-0D90-486C-BF43-FBD5E5F4EECB}.Release|Any CPU.ActiveCfg = Release|Any CPU
		{9B673C3C-0D90-486C-BF43-FBD5E5F4EECB}.Release|Any CPU.Build.0 = Release|Any CPU
		{8F3EC7B3-8392-4427-8B36-2D572C7E3ADC}.Debug|Any CPU.ActiveCfg = Debug|Any CPU
		{8F3EC7B3-8392-4427-8B36-2D572C7E3ADC}.Debug|Any CPU.Build.0 = Debug|Any CPU
		{8F3EC7B3-8392-4427-8B36-2D572C7E3ADC}.Release|Any CPU.ActiveCfg = Release|Any CPU
		{8F3EC7B3-8392-4427-8B36-2D572C7E3ADC}.Release|Any CPU.Build.0 = Release|Any CPU
		{0F61175C-E391-4A7A-A2B5-BDF923352B37}.Debug|Any CPU.ActiveCfg = Debug|Any CPU
		{0F61175C-E391-4A7A-A2B5-BDF923352B37}.Debug|Any CPU.Build.0 = Debug|Any CPU
		{0F61175C-E391-4A7A-A2B5-BDF923352B37}.Release|Any CPU.ActiveCfg = Release|Any CPU
		{0F61175C-E391-4A7A-A2B5-BDF923352B37}.Release|Any CPU.Build.0 = Release|Any CPU
		{AA9FB403-C414-49EA-8BBD-0C6D705D15DF}.Debug|Any CPU.ActiveCfg = Debug|Any CPU
		{AA9FB403-C414-49EA-8BBD-0C6D705D15DF}.Debug|Any CPU.Build.0 = Debug|Any CPU
		{AA9FB403-C414-49EA-8BBD-0C6D705D15DF}.Release|Any CPU.ActiveCfg = Release|Any CPU
		{AA9FB403-C414-49EA-8BBD-0C6D705D15DF}.Release|Any CPU.Build.0 = Release|Any CPU
		{E436DCAA-D23F-4644-8632-CE175ED25FFE}.Debug|Any CPU.ActiveCfg = Debug|Any CPU
		{E436DCAA-D23F-4644-8632-CE175ED25FFE}.Debug|Any CPU.Build.0 = Debug|Any CPU
		{E436DCAA-D23F-4644-8632-CE175ED25FFE}.Release|Any CPU.ActiveCfg = Release|Any CPU
		{E436DCAA-D23F-4644-8632-CE175ED25FFE}.Release|Any CPU.Build.0 = Release|Any CPU
		{78E7812A-12BC-49D9-8477-6D1C3FAED052}.Debug|Any CPU.ActiveCfg = Debug|Any CPU
		{78E7812A-12BC-49D9-8477-6D1C3FAED052}.Debug|Any CPU.Build.0 = Debug|Any CPU
		{78E7812A-12BC-49D9-8477-6D1C3FAED052}.Release|Any CPU.ActiveCfg = Release|Any CPU
		{78E7812A-12BC-49D9-8477-6D1C3FAED052}.Release|Any CPU.Build.0 = Release|Any CPU
	EndGlobalSection
EndGlobal
